
Microsoft Visual Studio Solution File, Format Version 12.00
# Visual Studio Version 16
VisualStudioVersion = 16.0.29324.140
MinimumVisualStudioVersion = 10.0.40219.1
Project("{FAE04EC0-301F-11D3-BF4B-00C04F79EFBC}") = "PrimerASPProject", "PrimerASPProject\PrimerASPProject.csproj", "{6DE35EB3-42E9-4F8C-9346-C192E4E64810}"
EndProject
Global
	GlobalSection(SolutionConfigurationPlatforms) = preSolution
		Debug|Any CPU = Debug|Any CPU
		Release|Any CPU = Release|Any CPU
	EndGlobalSection
	GlobalSection(ProjectConfigurationPlatforms) = postSolution
		{6DE35EB3-42E9-4F8C-9346-C192E4E64810}.Debug|Any CPU.ActiveCfg = Debug|Any CPU
		{6DE35EB3-42E9-4F8C-9346-C192E4E64810}.Debug|Any CPU.Build.0 = Debug|Any CPU
		{6DE35EB3-42E9-4F8C-9346-C192E4E64810}.Release|Any CPU.ActiveCfg = Release|Any CPU
		{6DE35EB3-42E9-4F8C-9346-C192E4E64810}.Release|Any CPU.Build.0 = Release|Any CPU
	EndGlobalSection
	GlobalSection(SolutionProperties) = preSolution
		HideSolutionNode = FALSE
	EndGlobalSection
	GlobalSection(ExtensibilityGlobals) = postSolution
		SolutionGuid = {405040A4-6109-43AB-9BCA-A9A71DC5A5B5}
	EndGlobalSection
EndGlobal
